
Microsoft Visual Studio Solution File, Format Version 12.00
# Visual Studio Version 17
VisualStudioVersion = 17.10.35004.147
MinimumVisualStudioVersion = 10.0.40219.1
Project("{FAE04EC0-301F-11D3-BF4B-00C04F79EFBC}") = "MovieManagement.Domain", "MovieManagement.Domain\MovieManagement.Domain.csproj", "{8B4B0988-0814-4C03-B18A-23D8634068CC}"
EndProject
Project("{FAE04EC0-301F-11D3-BF4B-00C04F79EFBC}") = "MovieManagement.Infrastructure", "MovieManagement.Infrastructure\MovieManagement.Infrastructure.csproj", "{B82AA74B-E2CD-4187-A060-C47CE244B95E}"
EndProject
Project("{FAE04EC0-301F-11D3-BF4B-00C04F79EFBC}") = "MovieManagement.API", "MovieManagement.API\MovieManagement.API.csproj", "{B8CA7E51-8DAE-4CBD-982F-C70B4F8CF0DB}"
EndProject
Project("{FAE04EC0-301F-11D3-BF4B-00C04F79EFBC}") = "MovieManagement.Tests", "MovieManagement.Tests\MovieManagement.Tests.csproj", "{2DB94948-3E2A-4F36-89E8-421B85E5C0A2}"
EndProject
Global
	GlobalSection(SolutionConfigurationPlatforms) = preSolution
		Debug|Any CPU = Debug|Any CPU
		Release|Any CPU = Release|Any CPU
	EndGlobalSection
	GlobalSection(ProjectConfigurationPlatforms) = postSolution
		{8B4B0988-0814-4C03-B18A-23D8634068CC}.Debug|Any CPU.ActiveCfg = Debug|Any CPU
		{8B4B0988-0814-4C03-B18A-23D8634068CC}.Debug|Any CPU.Build.0 = Debug|Any CPU
		{8B4B0988-0814-4C03-B18A-23D8634068CC}.Release|Any CPU.ActiveCfg = Release|Any CPU
		{8B4B0988-0814-4C03-B18A-23D8634068CC}.Release|Any CPU.Build.0 = Release|Any CPU
		{B82AA74B-E2CD-4187-A060-C47CE244B95E}.Debug|Any CPU.ActiveCfg = Debug|Any CPU
		{B82AA74B-E2CD-4187-A060-C47CE244B95E}.Debug|Any CPU.Build.0 = Debug|Any CPU
		{B82AA74B-E2CD-4187-A060-C47CE244B95E}.Release|Any CPU.ActiveCfg = Release|Any CPU
		{B82AA74B-E2CD-4187-A060-C47CE244B95E}.Release|Any CPU.Build.0 = Release|Any CPU
		{B8CA7E51-8DAE-4CBD-982F-C70B4F8CF0DB}.Debug|Any CPU.ActiveCfg = Debug|Any CPU
		{B8CA7E51-8DAE-4CBD-982F-C70B4F8CF0DB}.Debug|Any CPU.Build.0 = Debug|Any CPU
		{B8CA7E51-8DAE-4CBD-982F-C70B4F8CF0DB}.Release|Any CPU.ActiveCfg = Release|Any CPU
		{B8CA7E51-8DAE-4CBD-982F-C70B4F8CF0DB}.Release|Any CPU.Build.0 = Release|Any CPU
		{2DB94948-3E2A-4F36-89E8-421B85E5C0A2}.Debug|Any CPU.ActiveCfg = Debug|Any CPU
		{2DB94948-3E2A-4F36-89E8-421B85E5C0A2}.Debug|Any CPU.Build.0 = Debug|Any CPU
		{2DB94948-3E2A-4F36-89E8-421B85E5C0A2}.Release|Any CPU.ActiveCfg = Release|Any CPU
		{2DB94948-3E2A-4F36-89E8-421B85E5C0A2}.Release|Any CPU.Build.0 = Release|Any CPU
	EndGlobalSection
	GlobalSection(SolutionProperties) = preSolution
		HideSolutionNode = FALSE
	EndGlobalSection
	GlobalSection(ExtensibilityGlobals) = postSolution
		SolutionGuid = {BAEE185A-7518-41D0-AFC5-684D8788EBDD}
	EndGlobalSection
EndGlobal
